// !$*UTF8*$!
{
	archiveVersion = 1;
	classes = {
	};
	objectVersion = 50;
	objects = {

/* Begin PBXBuildFile section */
		41DCA5F7248750D500B347A3 /* AppDelegate.swift in Sources */ = {isa = PBXBuildFile; fileRef = 41DCA5F6248750D500B347A3 /* AppDelegate.swift */; };
		41DCA5F9248750D500B347A3 /* SceneDelegate.swift in Sources */ = {isa = PBXBuildFile; fileRef = 41DCA5F8248750D500B347A3 /* SceneDelegate.swift */; };
		41DCA5FB248750D500B347A3 /* ViewController.swift in Sources */ = {isa = PBXBuildFile; fileRef = 41DCA5FA248750D500B347A3 /* ViewController.swift */; };
		41DCA5FE248750D500B347A3 /* Main.storyboard in Resources */ = {isa = PBXBuildFile; fileRef = 41DCA5FC248750D500B347A3 /* Main.storyboard */; };
		41DCA600248750D600B347A3 /* Assets.xcassets in Resources */ = {isa = PBXBuildFile; fileRef = 41DCA5FF248750D600B347A3 /* Assets.xcassets */; };
		41DCA603248750D600B347A3 /* LaunchScreen.storyboard in Resources */ = {isa = PBXBuildFile; fileRef = 41DCA601248750D600B347A3 /* LaunchScreen.storyboard */; };
		41DCA6112487520E00B347A3 /* Media.xcassets in Resources */ = {isa = PBXBuildFile; fileRef = 41DCA6102487520E00B347A3 /* Media.xcassets */; };
		41DCA6132487520E00B347A3 /* ActionViewController.swift in Sources */ = {isa = PBXBuildFile; fileRef = 41DCA6122487520E00B347A3 /* ActionViewController.swift */; };
		41DCA6162487520E00B347A3 /* MainInterface.storyboard in Resources */ = {isa = PBXBuildFile; fileRef = 41DCA6142487520E00B347A3 /* MainInterface.storyboard */; };
		41DCA61A2487520E00B347A3 /* Extension.appex in Embed App Extensions */ = {isa = PBXBuildFile; fileRef = 41DCA60E2487520E00B347A3 /* Extension.appex */; settings = {ATTRIBUTES = (RemoveHeadersOnCopy, ); }; };
		41E0FDAF248758B800CBEAB0 /* Action.js in Resources */ = {isa = PBXBuildFile; fileRef = 41E0FDAE248758B800CBEAB0 /* Action.js */; };
/* End PBXBuildFile section */

/* Begin PBXContainerItemProxy section */
		41DCA6182487520E00B347A3 /* PBXContainerItemProxy */ = {
			isa = PBXContainerItemProxy;
			containerPortal = 41DCA5EB248750D500B347A3 /* Project object */;
			proxyType = 1;
			remoteGlobalIDString = 41DCA60D2487520E00B347A3;
			remoteInfo = Extension;
		};
/* End PBXContainerItemProxy section */

/* Begin PBXCopyFilesBuildPhase section */
		41DCA61E2487520E00B347A3 /* Embed App Extensions */ = {
			isa = PBXCopyFilesBuildPhase;
			buildActionMask = 2147483647;
			dstPath = "";
			dstSubfolderSpec = 13;
			files = (
				41DCA61A2487520E00B347A3 /* Extension.appex in Embed App Extensions */,
			);
			name = "Embed App Extensions";
			runOnlyForDeploymentPostprocessing = 0;
		};
/* End PBXCopyFilesBuildPhase section */

/* Begin PBXFileReference section */
		41DCA5F3248750D500B347A3 /* Project19.app */ = {isa = PBXFileReference; explicitFileType = wrapper.application; includeInIndex = 0; path = Project19.app; sourceTree = BUILT_PRODUCTS_DIR; };
		41DCA5F6248750D500B347A3 /* AppDelegate.swift */ = {isa = PBXFileReference; lastKnownFileType = sourcecode.swift; path = AppDelegate.swift; sourceTree = "<group>"; };
		41DCA5F8248750D500B347A3 /* SceneDelegate.swift */ = {isa = PBXFileReference; lastKnownFileType = sourcecode.swift; path = SceneDelegate.swift; sourceTree = "<group>"; };
		41DCA5FA248750D500B347A3 /* ViewController.swift */ = {isa = PBXFileReference; lastKnownFileType = sourcecode.swift; path = ViewController.swift; sourceTree = "<group>"; };
		41DCA5FD248750D500B347A3 /* Base */ = {isa = PBXFileReference; lastKnownFileType = file.storyboard; name = Base; path = Base.lproj/Main.storyboard; sourceTree = "<group>"; };
		41DCA5FF248750D600B347A3 /* Assets.xcassets */ = {isa = PBXFileReference; lastKnownFileType = folder.assetcatalog; path = Assets.xcassets; sourceTree = "<group>"; };
		41DCA602248750D600B347A3 /* Base */ = {isa = PBXFileReference; lastKnownFileType = file.storyboard; name = Base; path = Base.lproj/LaunchScreen.storyboard; sourceTree = "<group>"; };
		41DCA604248750D600B347A3 /* Info.plist */ = {isa = PBXFileReference; lastKnownFileType = text.plist.xml; path = Info.plist; sourceTree = "<group>"; };
		41DCA60E2487520E00B347A3 /* Extension.appex */ = {isa = PBXFileReference; explicitFileType = "wrapper.app-extension"; includeInIndex = 0; path = Extension.appex; sourceTree = BUILT_PRODUCTS_DIR; };
		41DCA6102487520E00B347A3 /* Media.xcassets */ = {isa = PBXFileReference; lastKnownFileType = folder.assetcatalog; path = Media.xcassets; sourceTree = "<group>"; };
		41DCA6122487520E00B347A3 /* ActionViewController.swift */ = {isa = PBXFileReference; lastKnownFileType = sourcecode.swift; path = ActionViewController.swift; sourceTree = "<group>"; };
		41DCA6152487520E00B347A3 /* Base */ = {isa = PBXFileReference; lastKnownFileType = file.storyboard; name = Base; path = Base.lproj/MainInterface.storyboard; sourceTree = "<group>"; };
		41DCA6172487520E00B347A3 /* Info.plist */ = {isa = PBXFileReference; lastKnownFileType = text.plist.xml; path = Info.plist; sourceTree = "<group>"; };
		41E0FDAE248758B800CBEAB0 /* Action.js */ = {isa = PBXFileReference; lastKnownFileType = sourcecode.javascript; path = Action.js; sourceTree = "<group>"; };
/* End PBXFileReference section */

/* Begin PBXFrameworksBuildPhase section */
		41DCA5F0248750D500B347A3 /* Frameworks */ = {
			isa = PBXFrameworksBuildPhase;
			buildActionMask = 2147483647;
			files = (
			);
			runOnlyForDeploymentPostprocessing = 0;
		};
		41DCA60B2487520E00B347A3 /* Frameworks */ = {
			isa = PBXFrameworksBuildPhase;
			buildActionMask = 2147483647;
			files = (
			);
			runOnlyForDeploymentPostprocessing = 0;
		};
/* End PBXFrameworksBuildPhase section */

/* Begin PBXGroup section */
		41DCA5EA248750D500B347A3 = {
			isa = PBXGroup;
			children = (
				41DCA5F5248750D500B347A3 /* Project19 */,
				41DCA60F2487520E00B347A3 /* Extension */,
				41DCA5F4248750D500B347A3 /* Products */,
			);
			sourceTree = "<group>";
		};
		41DCA5F4248750D500B347A3 /* Products */ = {
			isa = PBXGroup;
			children = (
				41DCA5F3248750D500B347A3 /* Project19.app */,
				41DCA60E2487520E00B347A3 /* Extension.appex */,
			);
			name = Products;
			sourceTree = "<group>";
		};
		41DCA5F5248750D500B347A3 /* Project19 */ = {
			isa = PBXGroup;
			children = (
				41DCA5F6248750D500B347A3 /* AppDelegate.swift */,
				41DCA5F8248750D500B347A3 /* SceneDelegate.swift */,
				41DCA5FA248750D500B347A3 /* ViewController.swift */,
				41DCA5FC248750D500B347A3 /* Main.storyboard */,
				41DCA5FF248750D600B347A3 /* Assets.xcassets */,
				41DCA601248750D600B347A3 /* LaunchScreen.storyboard */,
				41DCA604248750D600B347A3 /* Info.plist */,
			);
			path = Project19;
			sourceTree = "<group>";
		};
		41DCA60F2487520E00B347A3 /* Extension */ = {
			isa = PBXGroup;
			children = (
				41DCA6102487520E00B347A3 /* Media.xcassets */,
				41DCA6122487520E00B347A3 /* ActionViewController.swift */,
				41DCA6142487520E00B347A3 /* MainInterface.storyboard */,
				41DCA6172487520E00B347A3 /* Info.plist */,
				41E0FDAE248758B800CBEAB0 /* Action.js */,
			);
			path = Extension;
			sourceTree = "<group>";
		};
/* End PBXGroup section */

/* Begin PBXNativeTarget section */
		41DCA5F2248750D500B347A3 /* Project19 */ = {
			isa = PBXNativeTarget;
			buildConfigurationList = 41DCA607248750D600B347A3 /* Build configuration list for PBXNativeTarget "Project19" */;
			buildPhases = (
				41DCA5EF248750D500B347A3 /* Sources */,
				41DCA5F0248750D500B347A3 /* Frameworks */,
				41DCA5F1248750D500B347A3 /* Resources */,
				41DCA61E2487520E00B347A3 /* Embed App Extensions */,
			);
			buildRules = (
			);
			dependencies = (
				41DCA6192487520E00B347A3 /* PBXTargetDependency */,
			);
			name = Project19;
			productName = Project19;
			productReference = 41DCA5F3248750D500B347A3 /* Project19.app */;
			productType = "com.apple.product-type.application";
		};
		41DCA60D2487520E00B347A3 /* Extension */ = {
			isa = PBXNativeTarget;
			buildConfigurationList = 41DCA61B2487520E00B347A3 /* Build configuration list for PBXNativeTarget "Extension" */;
			buildPhases = (
				41DCA60A2487520E00B347A3 /* Sources */,
				41DCA60B2487520E00B347A3 /* Frameworks */,
				41DCA60C2487520E00B347A3 /* Resources */,
			);
			buildRules = (
			);
			dependencies = (
			);
			name = Extension;
			productName = Extension;
			productReference = 41DCA60E2487520E00B347A3 /* Extension.appex */;
			productType = "com.apple.product-type.app-extension";
		};
/* End PBXNativeTarget section */

/* Begin PBXProject section */
		41DCA5EB248750D500B347A3 /* Project object */ = {
			isa = PBXProject;
			attributes = {
				LastSwiftUpdateCheck = 1150;
				LastUpgradeCheck = 1150;
				ORGANIZATIONNAME = "Andres Quintero";
				TargetAttributes = {
					41DCA5F2248750D500B347A3 = {
						CreatedOnToolsVersion = 11.5;
					};
					41DCA60D2487520E00B347A3 = {
						CreatedOnToolsVersion = 11.5;
					};
				};
			};
			buildConfigurationList = 41DCA5EE248750D500B347A3 /* Build configuration list for PBXProject "Project19" */;
			compatibilityVersion = "Xcode 9.3";
			developmentRegion = en;
			hasScannedForEncodings = 0;
			knownRegions = (
				en,
				Base,
			);
			mainGroup = 41DCA5EA248750D500B347A3;
			productRefGroup = 41DCA5F4248750D500B347A3 /* Products */;
			projectDirPath = "";
			projectRoot = "";
			targets = (
				41DCA5F2248750D500B347A3 /* Project19 */,
				41DCA60D2487520E00B347A3 /* Extension */,
			);
		};
/* End PBXProject section */

/* Begin PBXResourcesBuildPhase section */
		41DCA5F1248750D500B347A3 /* Resources */ = {
			isa = PBXResourcesBuildPhase;
			buildActionMask = 2147483647;
			files = (
				41DCA603248750D600B347A3 /* LaunchScreen.storyboard in Resources */,
				41DCA600248750D600B347A3 /* Assets.xcassets in Resources */,
				41DCA5FE248750D500B347A3 /* Main.storyboard in Resources */,
			);
			runOnlyForDeploymentPostprocessing = 0;
		};
		41DCA60C2487520E00B347A3 /* Resources */ = {
			isa = PBXResourcesBuildPhase;
			buildActionMask = 2147483647;
			files = (
				41E0FDAF248758B800CBEAB0 /* Action.js in Resources */,
				41DCA6112487520E00B347A3 /* Media.xcassets in Resources */,
				41DCA6162487520E00B347A3 /* MainInterface.storyboard in Resources */,
			);
			runOnlyForDeploymentPostprocessing = 0;
		};
/* End PBXResourcesBuildPhase section */

/* Begin PBXSourcesBuildPhase section */
		41DCA5EF248750D500B347A3 /* Sources */ = {
			isa = PBXSourcesBuildPhase;
			buildActionMask = 2147483647;
			files = (
				41DCA5FB248750D500B347A3 /* ViewController.swift in Sources */,
				41DCA5F7248750D500B347A3 /* AppDelegate.swift in Sources */,
				41DCA5F9248750D500B347A3 /* SceneDelegate.swift in Sources */,
			);
			runOnlyForDeploymentPostprocessing = 0;
		};
		41DCA60A2487520E00B347A3 /* Sources */ = {
			isa = PBXSourcesBuildPhase;
			buildActionMask = 2147483647;
			files = (
				41DCA6132487520E00B347A3 /* ActionViewController.swift in Sources */,
			);
			runOnlyForDeploymentPostprocessing = 0;
		};
/* End PBXSourcesBuildPhase section */

/* Begin PBXTargetDependency section */
		41DCA6192487520E00B347A3 /* PBXTargetDependency */ = {
			isa = PBXTargetDependency;
			target = 41DCA60D2487520E00B347A3 /* Extension */;
			targetProxy = 41DCA6182487520E00B347A3 /* PBXContainerItemProxy */;
		};
/* End PBXTargetDependency section */

/* Begin PBXVariantGroup section */
		41DCA5FC248750D500B347A3 /* Main.storyboard */ = {
			isa = PBXVariantGroup;
			children = (
				41DCA5FD248750D500B347A3 /* Base */,
			);
			name = Main.storyboard;
			sourceTree = "<group>";
		};
		41DCA601248750D600B347A3 /* LaunchScreen.storyboard */ = {
			isa = PBXVariantGroup;
			children = (
				41DCA602248750D600B347A3 /* Base */,
			);
			name = LaunchScreen.storyboard;
			sourceTree = "<group>";
		};
		41DCA6142487520E00B347A3 /* MainInterface.storyboard */ = {
			isa = PBXVariantGroup;
			children = (
				41DCA6152487520E00B347A3 /* Base */,
			);
			name = MainInterface.storyboard;
			sourceTree = "<group>";
		};
/* End PBXVariantGroup section */

/* Begin XCBuildConfiguration section */
		41DCA605248750D600B347A3 /* Debug */ = {
			isa = XCBuildConfiguration;
			buildSettings = {
				ALWAYS_SEARCH_USER_PATHS = NO;
				CLANG_ANALYZER_NONNULL = YES;
				CLANG_ANALYZER_NUMBER_OBJECT_CONVERSION = YES_AGGRESSIVE;
				CLANG_CXX_LANGUAGE_STANDARD = "gnu++14";
				CLANG_CXX_LIBRARY = "libc++";
				CLANG_ENABLE_MODULES = YES;
				CLANG_ENABLE_OBJC_ARC = YES;
				CLANG_ENABLE_OBJC_WEAK = YES;
				CLANG_WARN_BLOCK_CAPTURE_AUTORELEASING = YES;
				CLANG_WARN_BOOL_CONVERSION = YES;
				CLANG_WARN_COMMA = YES;
				CLANG_WARN_CONSTANT_CONVERSION = YES;
				CLANG_WARN_DEPRECATED_OBJC_IMPLEMENTATIONS = YES;
				CLANG_WARN_DIRECT_OBJC_ISA_USAGE = YES_ERROR;
				CLANG_WARN_DOCUMENTATION_COMMENTS = YES;
				CLANG_WARN_EMPTY_BODY = YES;
				CLANG_WARN_ENUM_CONVERSION = YES;
				CLANG_WARN_INFINITE_RECURSION = YES;
				CLANG_WARN_INT_CONVERSION = YES;
				CLANG_WARN_NON_LITERAL_NULL_CONVERSION = YES;
				CLANG_WARN_OBJC_IMPLICIT_RETAIN_SELF = YES;
				CLANG_WARN_OBJC_LITERAL_CONVERSION = YES;
				CLANG_WARN_OBJC_ROOT_CLASS = YES_ERROR;
				CLANG_WARN_RANGE_LOOP_ANALYSIS = YES;
				CLANG_WARN_STRICT_PROTOTYPES = YES;
				CLANG_WARN_SUSPICIOUS_MOVE = YES;
				CLANG_WARN_UNGUARDED_AVAILABILITY = YES_AGGRESSIVE;
				CLANG_WARN_UNREACHABLE_CODE = YES;
				CLANG_WARN__DUPLICATE_METHOD_MATCH = YES;
				COPY_PHASE_STRIP = NO;
				DEBUG_INFORMATION_FORMAT = dwarf;
				ENABLE_STRICT_OBJC_MSGSEND = YES;
				ENABLE_TESTABILITY = YES;
				GCC_C_LANGUAGE_STANDARD = gnu11;
				GCC_DYNAMIC_NO_PIC = NO;
				GCC_NO_COMMON_BLOCKS = YES;
				GCC_OPTIMIZATION_LEVEL = 0;
				GCC_PREPROCESSOR_DEFINITIONS = (
					"DEBUG=1",
					"$(inherited)",
				);
				GCC_WARN_64_TO_32_BIT_CONVERSION = YES;
				GCC_WARN_ABOUT_RETURN_TYPE = YES_ERROR;
				GCC_WARN_UNDECLARED_SELECTOR = YES;
				GCC_WARN_UNINITIALIZED_AUTOS = YES_AGGRESSIVE;
				GCC_WARN_UNUSED_FUNCTION = YES;
				GCC_WARN_UNUSED_VARIABLE = YES;
				IPHONEOS_DEPLOYMENT_TARGET = 13.5;
				MTL_ENABLE_DEBUG_INFO = INCLUDE_SOURCE;
				MTL_FAST_MATH = YES;
				ONLY_ACTIVE_ARCH = YES;
				SDKROOT = iphoneos;
				SWIFT_ACTIVE_COMPILATION_CONDITIONS = DEBUG;
				SWIFT_OPTIMIZATION_LEVEL = "-Onone";
			};
			name = Debug;
		};
		41DCA606248750D600B347A3 /* Release */ = {
			isa = XCBuildConfiguration;
			buildSettings = {
				ALWAYS_SEARCH_USER_PATHS = NO;
				CLANG_ANALYZER_NONNULL = YES;
				CLANG_ANALYZER_NUMBER_OBJECT_CONVERSION = YES_AGGRESSIVE;
				CLANG_CXX_LANGUAGE_STANDARD = "gnu++14";
				CLANG_CXX_LIBRARY = "libc++";
				CLANG_ENABLE_MODULES = YES;
				CLANG_ENABLE_OBJC_ARC = YES;
				CLANG_ENABLE_OBJC_WEAK = YES;
				CLANG_WARN_BLOCK_CAPTURE_AUTORELEASING = YES;
				CLANG_WARN_BOOL_CONVERSION = YES;
				CLANG_WARN_COMMA = YES;
				CLANG_WARN_CONSTANT_CONVERSION = YES;
				CLANG_WARN_DEPRECATED_OBJC_IMPLEMENTATIONS = YES;
				CLANG_WARN_DIRECT_OBJC_ISA_USAGE = YES_ERROR;
				CLANG_WARN_DOCUMENTATION_COMMENTS = YES;
				CLANG_WARN_EMPTY_BODY = YES;
				CLANG_WARN_ENUM_CONVERSION = YES;
				CLANG_WARN_INFINITE_RECURSION = YES;
				CLANG_WARN_INT_CONVERSION = YES;
				CLANG_WARN_NON_LITERAL_NULL_CONVERSION = YES;
				CLANG_WARN_OBJC_IMPLICIT_RETAIN_SELF = YES;
				CLANG_WARN_OBJC_LITERAL_CONVERSION = YES;
				CLANG_WARN_OBJC_ROOT_CLASS = YES_ERROR;
				CLANG_WARN_RANGE_LOOP_ANALYSIS = YES;
				CLANG_WARN_STRICT_PROTOTYPES = YES;
				CLANG_WARN_SUSPICIOUS_MOVE = YES;
				CLANG_WARN_UNGUARDED_AVAILABILITY = YES_AGGRESSIVE;
				CLANG_WARN_UNREACHABLE_CODE = YES;
				CLANG_WARN__DUPLICATE_METHOD_MATCH = YES;
				COPY_PHASE_STRIP = NO;
				DEBUG_INFORMATION_FORMAT = "dwarf-with-dsym";
				ENABLE_NS_ASSERTIONS = NO;
				ENABLE_STRICT_OBJC_MSGSEND = YES;
				GCC_C_LANGUAGE_STANDARD = gnu11;
				GCC_NO_COMMON_BLOCKS = YES;
				GCC_WARN_64_TO_32_BIT_CONVERSION = YES;
				GCC_WARN_ABOUT_RETURN_TYPE = YES_ERROR;
				GCC_WARN_UNDECLARED_SELECTOR = YES;
				GCC_WARN_UNINITIALIZED_AUTOS = YES_AGGRESSIVE;
				GCC_WARN_UNUSED_FUNCTION = YES;
				GCC_WARN_UNUSED_VARIABLE = YES;
				IPHONEOS_DEPLOYMENT_TARGET = 13.5;
				MTL_ENABLE_DEBUG_INFO = NO;
				MTL_FAST_MATH = YES;
				SDKROOT = iphoneos;
				SWIFT_COMPILATION_MODE = wholemodule;
				SWIFT_OPTIMIZATION_LEVEL = "-O";
				VALIDATE_PRODUCT = YES;
			};
			name = Release;
		};
		41DCA608248750D600B347A3 /* Debug */ = {
			isa = XCBuildConfiguration;
			buildSettings = {
				ALWAYS_EMBED_SWIFT_STANDARD_LIBRARIES = YES;
				ASSETCATALOG_COMPILER_APPICON_NAME = AppIcon;
				CODE_SIGN_STYLE = Automatic;
				DEVELOPMENT_TEAM = AWL4K6T745;
				INFOPLIST_FILE = Project19/Info.plist;
				LD_RUNPATH_SEARCH_PATHS = (
					"$(inherited)",
					"@executable_path/Frameworks",
				);
				PRODUCT_BUNDLE_IDENTIFIER = com.andresq.Project19;
				PRODUCT_NAME = "$(TARGET_NAME)";
				SWIFT_VERSION = 5.0;
				TARGETED_DEVICE_FAMILY = "1,2";
			};
			name = Debug;
		};
		41DCA609248750D600B347A3 /* Release */ = {
			isa = XCBuildConfiguration;
			buildSettings = {
				ALWAYS_EMBED_SWIFT_STANDARD_LIBRARIES = YES;
				ASSETCATALOG_COMPILER_APPICON_NAME = AppIcon;
				CODE_SIGN_STYLE = Automatic;
				DEVELOPMENT_TEAM = AWL4K6T745;
				INFOPLIST_FILE = Project19/Info.plist;
				LD_RUNPATH_SEARCH_PATHS = (
					"$(inherited)",
					"@executable_path/Frameworks",
				);
				PRODUCT_BUNDLE_IDENTIFIER = com.andresq.Project19;
				PRODUCT_NAME = "$(TARGET_NAME)";
				SWIFT_VERSION = 5.0;
				TARGETED_DEVICE_FAMILY = "1,2";
			};
			name = Release;
		};
		41DCA61C2487520E00B347A3 /* Debug */ = {
			isa = XCBuildConfiguration;
			buildSettings = {
				CODE_SIGN_STYLE = Automatic;
				DEVELOPMENT_TEAM = AWL4K6T745;
				INFOPLIST_FILE = Extension/Info.plist;
				LD_RUNPATH_SEARCH_PATHS = (
					"$(inherited)",
					"@executable_path/Frameworks",
					"@executable_path/../../Frameworks",
				);
				PRODUCT_BUNDLE_IDENTIFIER = com.andresq.Project19.Extension;
				PRODUCT_NAME = "$(TARGET_NAME)";
				SKIP_INSTALL = YES;
				SWIFT_VERSION = 5.0;
				TARGETED_DEVICE_FAMILY = "1,2";
			};
			name = Debug;
		};
		41DCA61D2487520E00B347A3 /* Release */ = {
			isa = XCBuildConfiguration;
			buildSettings = {
				CODE_SIGN_STYLE = Automatic;
				DEVELOPMENT_TEAM = AWL4K6T745;
				INFOPLIST_FILE = Extension/Info.plist;
				LD_RUNPATH_SEARCH_PATHS = (
					"$(inherited)",
					"@executable_path/Frameworks",
					"@executable_path/../../Frameworks",
				);
				PRODUCT_BUNDLE_IDENTIFIER = com.andresq.Project19.Extension;
				PRODUCT_NAME = "$(TARGET_NAME)";
				SKIP_INSTALL = YES;
				SWIFT_VERSION = 5.0;
				TARGETED_DEVICE_FAMILY = "1,2";
			};
			name = Release;
		};
/* End XCBuildConfiguration section */

/* Begin XCConfigurationList section */
		41DCA5EE248750D500B347A3 /* Build configuration list for PBXProject "Project19" */ = {
			isa = XCConfigurationList;
			buildConfigurations = (
				41DCA605248750D600B347A3 /* Debug */,
				41DCA606248750D600B347A3 /* Release */,
			);
			defaultConfigurationIsVisible = 0;
			defaultConfigurationName = Release;
		};
		41DCA607248750D600B347A3 /* Build configuration list for PBXNativeTarget "Project19" */ = {
			isa = XCConfigurationList;
			buildConfigurations = (
				41DCA608248750D600B347A3 /* Debug */,
				41DCA609248750D600B347A3 /* Release */,
			);
			defaultConfigurationIsVisible = 0;
			defaultConfigurationName = Release;
		};
		41DCA61B2487520E00B347A3 /* Build configuration list for PBXNativeTarget "Extension" */ = {
			isa = XCConfigurationList;
			buildConfigurations = (
				41DCA61C2487520E00B347A3 /* Debug */,
				41DCA61D2487520E00B347A3 /* Release */,
			);
			defaultConfigurationIsVisible = 0;
			defaultConfigurationName = Release;
		};
/* End XCConfigurationList section */
	};
	rootObject = 41DCA5EB248750D500B347A3 /* Project object */;
}
